
Microsoft Visual Studio Solution File, Format Version 12.00
# Visual Studio 15
Project("{FAE04EC0-301F-11D3-BF4B-00C04F79EFBC}") = "MS_MVC_Core_Demo", "MS_MVC_Core_Demo\MS_MVC_Core_Demo.csproj", "{76C23757-BFAE-412C-8EFA-5C8C77BBA35B}"
EndProject
Global
	GlobalSection(SolutionConfigurationPlatforms) = preSolution
		Debug|Any CPU = Debug|Any CPU
		Release|Any CPU = Release|Any CPU
	EndGlobalSection
	GlobalSection(ProjectConfigurationPlatforms) = postSolution
		{76C23757-BFAE-412C-8EFA-5C8C77BBA35B}.Debug|Any CPU.ActiveCfg = Debug|Any CPU
		{76C23757-BFAE-412C-8EFA-5C8C77BBA35B}.Debug|Any CPU.Build.0 = Debug|Any CPU
		{76C23757-BFAE-412C-8EFA-5C8C77BBA35B}.Release|Any CPU.ActiveCfg = Release|Any CPU
		{76C23757-BFAE-412C-8EFA-5C8C77BBA35B}.Release|Any CPU.Build.0 = Release|Any CPU
	EndGlobalSection
EndGlobal
